{
  "nodes": {
    "emacs-overlay": {
      "locked": {
        "lastModified": 1651144335,
        "narHash": "sha256-SQrAmMuOAxjhIfza5FTab5JHl0Ih2J6W9VytGmzBkug=",
        "owner": "nix-community",
        "repo": "emacs-overlay",
        "rev": "12a28f7f05867d4ea80b26158523600354aaf6a6",
        "type": "github"
      },
      "original": {
        "owner": "nix-community",
        "repo": "emacs-overlay",
        "type": "github"
      }
    },
    "flake-utils": {
      "locked": {
        "lastModified": 1619345332,
        "narHash": "sha256-qHnQkEp1uklKTpx3MvKtY6xzgcqXDsz5nLilbbuL+3A=",
        "owner": "numtide",
        "repo": "flake-utils",
        "rev": "2ebf2558e5bf978c7fb8ea927dfaed8fefab2e28",
        "type": "github"
      },
      "original": {
        "owner": "numtide",
        "repo": "flake-utils",
        "type": "github"
      }
    },
    "home-manager": {
      "inputs": {
        "nixpkgs": "nixpkgs"
      },
      "locked": {
        "lastModified": 1651007090,
        "narHash": "sha256-C/OoQRzTUOWEr1sd3xTKA2GudA1YG1XB3MlL6KfTchg=",
        "owner": "nix-community",
        "repo": "home-manager",
        "rev": "778af87a981eb2bfa3566dff8c3fb510856329ef",
        "type": "github"
      },
      "original": {
        "owner": "nix-community",
        "repo": "home-manager",
        "type": "github"
      }
    },
    "nixpkgs": {
      "locked": {
        "lastModified": 1651114127,
        "narHash": "sha256-/lLC0wkMZkAdA5e1W76SnJzbhfOGDvync3VRHJMtAKk=",
        "owner": "NixOS",
        "repo": "nixpkgs",
        "rev": "6766fb6503ae1ebebc2a9704c162b2aef351f921",
        "type": "github"
      },
      "original": {
        "id": "nixpkgs",
        "type": "indirect"
      }
    },
    "pre-commit-hooks": {
      "inputs": {
        "flake-utils": "flake-utils",
        "nixpkgs": [
          "home-manager",
          "nixpkgs"
        ]
      },
      "locked": {
        "lastModified": 1639823344,
        "narHash": "sha256-jlsQb2y6A5dB1R0wVPLOfDGM0wLyfYqEJNzMtXuzCXw=",
        "owner": "cachix",
        "repo": "pre-commit-hooks.nix",
        "rev": "ff9c0b459ddc4b79c06e19d44251daa8e9cd1746",
        "type": "github"
      },
      "original": {
        "owner": "cachix",
        "repo": "pre-commit-hooks.nix",
        "rev": "ff9c0b459ddc4b79c06e19d44251daa8e9cd1746",
        "type": "github"
      }
    },
    "root": {
      "inputs": {
        "emacs-overlay": "emacs-overlay",
        "home-manager": "home-manager",
        "pre-commit-hooks": "pre-commit-hooks"
      }
    }
  },
  "root": "root",
  "version": 7
}
